
Microsoft Visual Studio Solution File, Format Version 11.00
# Visual Studio 2010
Project("{FAE04EC0-301F-11D3-BF4B-00C04F79EFBC}") = "Advanced_HTC_Vive_Final", "Assembly-CSharp.csproj", "{7EC8EA47-2609-CD26-86CF-5FF18BDE41A8}"
EndProject
Project("{FAE04EC0-301F-11D3-BF4B-00C04F79EFBC}") = "Advanced_HTC_Vive_Final", "Assembly-CSharp-Editor.csproj", "{F97FE7A5-4B25-3982-1EDB-EBD7C5D8FA8D}"
EndProject
Global
	GlobalSection(SolutionConfigurationPlatforms) = preSolution
		Debug|Any CPU = Debug|Any CPU
		Release|Any CPU = Release|Any CPU
	EndGlobalSection
	GlobalSection(ProjectConfigurationPlatforms) = postSolution
		{7EC8EA47-2609-CD26-86CF-5FF18BDE41A8}.Debug|Any CPU.ActiveCfg = Debug|Any CPU
		{7EC8EA47-2609-CD26-86CF-5FF18BDE41A8}.Debug|Any CPU.Build.0 = Debug|Any CPU
		{7EC8EA47-2609-CD26-86CF-5FF18BDE41A8}.Release|Any CPU.ActiveCfg = Release|Any CPU
		{7EC8EA47-2609-CD26-86CF-5FF18BDE41A8}.Release|Any CPU.Build.0 = Release|Any CPU
		{F97FE7A5-4B25-3982-1EDB-EBD7C5D8FA8D}.Debug|Any CPU.ActiveCfg = Debug|Any CPU
		{F97FE7A5-4B25-3982-1EDB-EBD7C5D8FA8D}.Debug|Any CPU.Build.0 = Debug|Any CPU
		{F97FE7A5-4B25-3982-1EDB-EBD7C5D8FA8D}.Release|Any CPU.ActiveCfg = Release|Any CPU
		{F97FE7A5-4B25-3982-1EDB-EBD7C5D8FA8D}.Release|Any CPU.Build.0 = Release|Any CPU
	EndGlobalSection
	GlobalSection(SolutionProperties) = preSolution
		HideSolutionNode = FALSE
	EndGlobalSection
	GlobalSection(MonoDevelopProperties) = preSolution
		StartupItem = Assembly-CSharp.csproj
	EndGlobalSection
EndGlobal
